
Microsoft Visual Studio Solution File, Format Version 12.00
# Visual Studio Version 17
VisualStudioVersion = 17.0.31903.59
MinimumVisualStudioVersion = 10.0.40219.1
Project("{9A19103F-16F7-4668-BE54-9A1E7A4F7556}") = "LibraryManagement.API", "LibraryManagement.API\LibraryManagement.API.csproj", "{4F5A607E-438B-490D-B51C-13193E6DBD8B}"
EndProject
Project("{FAE04EC0-301F-11D3-BF4B-00C04F79EFBC}") = "LibraryManagement.Domain", "Library.Domain\LibraryManagement.Domain.csproj", "{7501FDF7-77D5-41DE-B360-F1848E84DE6F}"
EndProject
Project("{FAE04EC0-301F-11D3-BF4B-00C04F79EFBC}") = "LibraryManagement.Application", "LibraryManagement.Application\LibraryManagement.Application.csproj", "{79659B29-E87F-4F1E-B643-E92240D6902D}"
EndProject
Project("{FAE04EC0-301F-11D3-BF4B-00C04F79EFBC}") = "LibraryManagement.Infrasturcture", "LibraryManagement.Infrasturcture\LibraryManagement.Infrasturcture.csproj", "{19FAC160-D144-43D8-ADA0-6FD87A2E9B68}"
EndProject
Global
	GlobalSection(SolutionConfigurationPlatforms) = preSolution
		Debug|Any CPU = Debug|Any CPU
		Release|Any CPU = Release|Any CPU
	EndGlobalSection
	GlobalSection(ProjectConfigurationPlatforms) = postSolution
		{4F5A607E-438B-490D-B51C-13193E6DBD8B}.Debug|Any CPU.ActiveCfg = Debug|Any CPU
		{4F5A607E-438B-490D-B51C-13193E6DBD8B}.Debug|Any CPU.Build.0 = Debug|Any CPU
		{4F5A607E-438B-490D-B51C-13193E6DBD8B}.Release|Any CPU.ActiveCfg = Release|Any CPU
		{4F5A607E-438B-490D-B51C-13193E6DBD8B}.Release|Any CPU.Build.0 = Release|Any CPU
		{7501FDF7-77D5-41DE-B360-F1848E84DE6F}.Debug|Any CPU.ActiveCfg = Debug|Any CPU
		{7501FDF7-77D5-41DE-B360-F1848E84DE6F}.Debug|Any CPU.Build.0 = Debug|Any CPU
		{7501FDF7-77D5-41DE-B360-F1848E84DE6F}.Release|Any CPU.ActiveCfg = Release|Any CPU
		{7501FDF7-77D5-41DE-B360-F1848E84DE6F}.Release|Any CPU.Build.0 = Release|Any CPU
		{79659B29-E87F-4F1E-B643-E92240D6902D}.Debug|Any CPU.ActiveCfg = Debug|Any CPU
		{79659B29-E87F-4F1E-B643-E92240D6902D}.Debug|Any CPU.Build.0 = Debug|Any CPU
		{79659B29-E87F-4F1E-B643-E92240D6902D}.Release|Any CPU.ActiveCfg = Release|Any CPU
		{79659B29-E87F-4F1E-B643-E92240D6902D}.Release|Any CPU.Build.0 = Release|Any CPU
		{19FAC160-D144-43D8-ADA0-6FD87A2E9B68}.Debug|Any CPU.ActiveCfg = Debug|Any CPU
		{19FAC160-D144-43D8-ADA0-6FD87A2E9B68}.Debug|Any CPU.Build.0 = Debug|Any CPU
		{19FAC160-D144-43D8-ADA0-6FD87A2E9B68}.Release|Any CPU.ActiveCfg = Release|Any CPU
		{19FAC160-D144-43D8-ADA0-6FD87A2E9B68}.Release|Any CPU.Build.0 = Release|Any CPU
	EndGlobalSection
	GlobalSection(SolutionProperties) = preSolution
		HideSolutionNode = FALSE
	EndGlobalSection
	GlobalSection(ExtensibilityGlobals) = postSolution
		SolutionGuid = {092555B2-4AA7-4D6F-A416-FBD935F53033}
	EndGlobalSection
EndGlobal
